
Microsoft Visual Studio Solution File, Format Version 12.00
# Visual Studio 2013
VisualStudioVersion = 12.0.21005.1
MinimumVisualStudioVersion = 10.0.40219.1
Project("{FAE04EC0-301F-11D3-BF4B-00C04F79EFBC}") = "netProyBellatrix", "netProyBellatrix\netProyBellatrix.csproj", "{B0BC5F12-84CA-414B-A316-867B369F6F2A}"
EndProject
Project("{FAE04EC0-301F-11D3-BF4B-00C04F79EFBC}") = "UnitTestProject1", "UnitTestProject1\UnitTestProject1.csproj", "{375F33DC-37E7-4523-A5DF-D80993BEA7CC}"
EndProject
Global
	GlobalSection(SolutionConfigurationPlatforms) = preSolution
		Debug|Any CPU = Debug|Any CPU
		Release|Any CPU = Release|Any CPU
	EndGlobalSection
	GlobalSection(ProjectConfigurationPlatforms) = postSolution
		{B0BC5F12-84CA-414B-A316-867B369F6F2A}.Debug|Any CPU.ActiveCfg = Debug|Any CPU
		{B0BC5F12-84CA-414B-A316-867B369F6F2A}.Debug|Any CPU.Build.0 = Debug|Any CPU
		{B0BC5F12-84CA-414B-A316-867B369F6F2A}.Release|Any CPU.ActiveCfg = Release|Any CPU
		{B0BC5F12-84CA-414B-A316-867B369F6F2A}.Release|Any CPU.Build.0 = Release|Any CPU
		{375F33DC-37E7-4523-A5DF-D80993BEA7CC}.Debug|Any CPU.ActiveCfg = Debug|Any CPU
		{375F33DC-37E7-4523-A5DF-D80993BEA7CC}.Debug|Any CPU.Build.0 = Debug|Any CPU
		{375F33DC-37E7-4523-A5DF-D80993BEA7CC}.Release|Any CPU.ActiveCfg = Release|Any CPU
		{375F33DC-37E7-4523-A5DF-D80993BEA7CC}.Release|Any CPU.Build.0 = Release|Any CPU
	EndGlobalSection
	GlobalSection(SolutionProperties) = preSolution
		HideSolutionNode = FALSE
	EndGlobalSection
EndGlobal
